{
  "name": "npmmod",
  "version": "1.0.0",
  "lockfileVersion": 2,
  "requires": true,
  "packages": {
    "": {
      "name": "npmmod",
      "version": "1.0.0",
      "license": "ISC",
      "dependencies": {
        "color-console": "^0.0.1",
        "email-validator": "^2.0.4"
      }
    },
    "node_modules/color-console": {
      "version": "0.0.1",
      "resolved": "https://registry.npmjs.org/color-console/-/color-console-0.0.1.tgz",
      "integrity": "sha512-/VO+daukt1woPtQ6FCj0UirIQ59ikqJfV3xYs+sZqXPOLmbvg6BxuvDQVe0asuugELmZcGXXEOw2giiH4p84OQ=="
    },
    "node_modules/email-validator": {
      "version": "2.0.4",
      "resolved": "https://registry.npmjs.org/email-validator/-/email-validator-2.0.4.tgz",
      "integrity": "sha512-gYCwo7kh5S3IDyZPLZf6hSS0MnZT8QmJFqYvbqlDZSbwdZlY6QZWxJ4i/6UhITOJ4XzyI647Bm2MXKCLqnJ4nQ==",
      "engines": {
        "node": ">4.0"
      }
    }
  },
  "dependencies": {
    "color-console": {
      "version": "0.0.1",
      "resolved": "https://registry.npmjs.org/color-console/-/color-console-0.0.1.tgz",
      "integrity": "sha512-/VO+daukt1woPtQ6FCj0UirIQ59ikqJfV3xYs+sZqXPOLmbvg6BxuvDQVe0asuugELmZcGXXEOw2giiH4p84OQ=="
    },
    "email-validator": {
      "version": "2.0.4",
      "resolved": "https://registry.npmjs.org/email-validator/-/email-validator-2.0.4.tgz",
      "integrity": "sha512-gYCwo7kh5S3IDyZPLZf6hSS0MnZT8QmJFqYvbqlDZSbwdZlY6QZWxJ4i/6UhITOJ4XzyI647Bm2MXKCLqnJ4nQ=="
    }
  }
}
